// !$*UTF8*$!
{
	archiveVersion = 1;
	classes = {
	};
	objectVersion = 55;
	objects = {

/* Begin PBXBuildFile section */
		BFB4671527D8FA76007797C6 /* AppDelegate.swift in Sources */ = {isa = PBXBuildFile; fileRef = BFB4671427D8FA76007797C6 /* AppDelegate.swift */; };
		BFB4671727D8FA76007797C6 /* SceneDelegate.swift in Sources */ = {isa = PBXBuildFile; fileRef = BFB4671627D8FA76007797C6 /* SceneDelegate.swift */; };
		BFB4671927D8FA76007797C6 /* ViewController.swift in Sources */ = {isa = PBXBuildFile; fileRef = BFB4671827D8FA76007797C6 /* ViewController.swift */; };
		BFB4671C27D8FA76007797C6 /* Main.storyboard in Resources */ = {isa = PBXBuildFile; fileRef = BFB4671A27D8FA76007797C6 /* Main.storyboard */; };
		BFB4671E27D8FA77007797C6 /* Assets.xcassets in Resources */ = {isa = PBXBuildFile; fileRef = BFB4671D27D8FA76007797C6 /* Assets.xcassets */; };
		BFB4672127D8FA77007797C6 /* LaunchScreen.storyboard in Resources */ = {isa = PBXBuildFile; fileRef = BFB4671F27D8FA77007797C6 /* LaunchScreen.storyboard */; };
		BFB76CEC27D8FF9100C6631B /* Driver.swift in Sources */ = {isa = PBXBuildFile; fileRef = BFB76CEB27D8FF9100C6631B /* Driver.swift */; };
		BFB76CF327D9008A00C6631B /* Team.swift in Sources */ = {isa = PBXBuildFile; fileRef = BFB76CF227D9008A00C6631B /* Team.swift */; };
/* End PBXBuildFile section */

/* Begin PBXFileReference section */
		BFB4671127D8FA76007797C6 /* Carz.app */ = {isa = PBXFileReference; explicitFileType = wrapper.application; includeInIndex = 0; path = Carz.app; sourceTree = BUILT_PRODUCTS_DIR; };
		BFB4671427D8FA76007797C6 /* AppDelegate.swift */ = {isa = PBXFileReference; lastKnownFileType = sourcecode.swift; path = AppDelegate.swift; sourceTree = "<group>"; };
		BFB4671627D8FA76007797C6 /* SceneDelegate.swift */ = {isa = PBXFileReference; lastKnownFileType = sourcecode.swift; path = SceneDelegate.swift; sourceTree = "<group>"; };
		BFB4671827D8FA76007797C6 /* ViewController.swift */ = {isa = PBXFileReference; lastKnownFileType = sourcecode.swift; path = ViewController.swift; sourceTree = "<group>"; };
		BFB4671B27D8FA76007797C6 /* Base */ = {isa = PBXFileReference; lastKnownFileType = file.storyboard; name = Base; path = Base.lproj/Main.storyboard; sourceTree = "<group>"; };
		BFB4671D27D8FA76007797C6 /* Assets.xcassets */ = {isa = PBXFileReference; lastKnownFileType = folder.assetcatalog; path = Assets.xcassets; sourceTree = "<group>"; };
		BFB4672027D8FA77007797C6 /* Base */ = {isa = PBXFileReference; lastKnownFileType = file.storyboard; name = Base; path = Base.lproj/LaunchScreen.storyboard; sourceTree = "<group>"; };
		BFB4672227D8FA77007797C6 /* Info.plist */ = {isa = PBXFileReference; lastKnownFileType = text.plist.xml; path = Info.plist; sourceTree = "<group>"; };
		BFB76CEB27D8FF9100C6631B /* Driver.swift */ = {isa = PBXFileReference; lastKnownFileType = sourcecode.swift; path = Driver.swift; sourceTree = "<group>"; };
		BFB76CF227D9008A00C6631B /* Team.swift */ = {isa = PBXFileReference; lastKnownFileType = sourcecode.swift; path = Team.swift; sourceTree = "<group>"; };
/* End PBXFileReference section */

/* Begin PBXFrameworksBuildPhase section */
		BFB4670E27D8FA76007797C6 /* Frameworks */ = {
			isa = PBXFrameworksBuildPhase;
			buildActionMask = 2147483647;
			files = (
			);
			runOnlyForDeploymentPostprocessing = 0;
		};
/* End PBXFrameworksBuildPhase section */

/* Begin PBXGroup section */
		BFB4670827D8FA76007797C6 = {
			isa = PBXGroup;
			children = (
				BFB4671327D8FA76007797C6 /* Carz */,
				BFB4671227D8FA76007797C6 /* Products */,
			);
			sourceTree = "<group>";
		};
		BFB4671227D8FA76007797C6 /* Products */ = {
			isa = PBXGroup;
			children = (
				BFB4671127D8FA76007797C6 /* Carz.app */,
			);
			name = Products;
			sourceTree = "<group>";
		};
		BFB4671327D8FA76007797C6 /* Carz */ = {
			isa = PBXGroup;
			children = (
				BFB76CEF27D8FFE800C6631B /* Controller */,
				BFB76CEE27D8FFD600C6631B /* View */,
				BFB76CED27D8FFCD00C6631B /* Model */,
				BFB4671427D8FA76007797C6 /* AppDelegate.swift */,
				BFB4671627D8FA76007797C6 /* SceneDelegate.swift */,
				BFB4671D27D8FA76007797C6 /* Assets.xcassets */,
				BFB4672227D8FA77007797C6 /* Info.plist */,
			);
			path = Carz;
			sourceTree = "<group>";
		};
		BFB76CED27D8FFCD00C6631B /* Model */ = {
			isa = PBXGroup;
			children = (
				BFB76CEB27D8FF9100C6631B /* Driver.swift */,
				BFB76CF227D9008A00C6631B /* Team.swift */,
			);
			path = Model;
			sourceTree = "<group>";
		};
		BFB76CEE27D8FFD600C6631B /* View */ = {
			isa = PBXGroup;
			children = (
				BFB4671F27D8FA77007797C6 /* LaunchScreen.storyboard */,
				BFB4671A27D8FA76007797C6 /* Main.storyboard */,
			);
			path = View;
			sourceTree = "<group>";
		};
		BFB76CEF27D8FFE800C6631B /* Controller */ = {
			isa = PBXGroup;
			children = (
				BFB4671827D8FA76007797C6 /* ViewController.swift */,
			);
			path = Controller;
			sourceTree = "<group>";
		};
/* End PBXGroup section */

/* Begin PBXNativeTarget section */
		BFB4671027D8FA76007797C6 /* Carz */ = {
			isa = PBXNativeTarget;
			buildConfigurationList = BFB4672527D8FA77007797C6 /* Build configuration list for PBXNativeTarget "Carz" */;
			buildPhases = (
				BFB4670D27D8FA76007797C6 /* Sources */,
				BFB4670E27D8FA76007797C6 /* Frameworks */,
				BFB4670F27D8FA76007797C6 /* Resources */,
			);
			buildRules = (
			);
			dependencies = (
			);
			name = Carz;
			productName = Carz;
			productReference = BFB4671127D8FA76007797C6 /* Carz.app */;
			productType = "com.apple.product-type.application";
		};
/* End PBXNativeTarget section */

/* Begin PBXProject section */
		BFB4670927D8FA76007797C6 /* Project object */ = {
			isa = PBXProject;
			attributes = {
				BuildIndependentTargetsInParallel = 1;
				LastSwiftUpdateCheck = 1320;
				LastUpgradeCheck = 1320;
				TargetAttributes = {
					BFB4671027D8FA76007797C6 = {
						CreatedOnToolsVersion = 13.2.1;
					};
				};
			};
			buildConfigurationList = BFB4670C27D8FA76007797C6 /* Build configuration list for PBXProject "Carz" */;
			compatibilityVersion = "Xcode 13.0";
			developmentRegion = en;
			hasScannedForEncodings = 0;
			knownRegions = (
				en,
				Base,
			);
			mainGroup = BFB4670827D8FA76007797C6;
			productRefGroup = BFB4671227D8FA76007797C6 /* Products */;
			projectDirPath = "";
			projectRoot = "";
			targets = (
				BFB4671027D8FA76007797C6 /* Carz */,
			);
		};
/* End PBXProject section */

/* Begin PBXResourcesBuildPhase section */
		BFB4670F27D8FA76007797C6 /* Resources */ = {
			isa = PBXResourcesBuildPhase;
			buildActionMask = 2147483647;
			files = (
				BFB4672127D8FA77007797C6 /* LaunchScreen.storyboard in Resources */,
				BFB4671E27D8FA77007797C6 /* Assets.xcassets in Resources */,
				BFB4671C27D8FA76007797C6 /* Main.storyboard in Resources */,
			);
			runOnlyForDeploymentPostprocessing = 0;
		};
/* End PBXResourcesBuildPhase section */

/* Begin PBXSourcesBuildPhase section */
		BFB4670D27D8FA76007797C6 /* Sources */ = {
			isa = PBXSourcesBuildPhase;
			buildActionMask = 2147483647;
			files = (
				BFB4671927D8FA76007797C6 /* ViewController.swift in Sources */,
				BFB4671527D8FA76007797C6 /* AppDelegate.swift in Sources */,
				BFB76CEC27D8FF9100C6631B /* Driver.swift in Sources */,
				BFB76CF327D9008A00C6631B /* Team.swift in Sources */,
				BFB4671727D8FA76007797C6 /* SceneDelegate.swift in Sources */,
			);
			runOnlyForDeploymentPostprocessing = 0;
		};
/* End PBXSourcesBuildPhase section */

/* Begin PBXVariantGroup section */
		BFB4671A27D8FA76007797C6 /* Main.storyboard */ = {
			isa = PBXVariantGroup;
			children = (
				BFB4671B27D8FA76007797C6 /* Base */,
			);
			name = Main.storyboard;
			sourceTree = "<group>";
		};
		BFB4671F27D8FA77007797C6 /* LaunchScreen.storyboard */ = {
			isa = PBXVariantGroup;
			children = (
				BFB4672027D8FA77007797C6 /* Base */,
			);
			name = LaunchScreen.storyboard;
			sourceTree = "<group>";
		};
/* End PBXVariantGroup section */

/* Begin XCBuildConfiguration section */
		BFB4672327D8FA77007797C6 /* Debug */ = {
			isa = XCBuildConfiguration;
			buildSettings = {
				ALWAYS_SEARCH_USER_PATHS = NO;
				CLANG_ANALYZER_NONNULL = YES;
				CLANG_ANALYZER_NUMBER_OBJECT_CONVERSION = YES_AGGRESSIVE;
				CLANG_CXX_LANGUAGE_STANDARD = "gnu++17";
				CLANG_CXX_LIBRARY = "libc++";
				CLANG_ENABLE_MODULES = YES;
				CLANG_ENABLE_OBJC_ARC = YES;
				CLANG_ENABLE_OBJC_WEAK = YES;
				CLANG_WARN_BLOCK_CAPTURE_AUTORELEASING = YES;
				CLANG_WARN_BOOL_CONVERSION = YES;
				CLANG_WARN_COMMA = YES;
				CLANG_WARN_CONSTANT_CONVERSION = YES;
				CLANG_WARN_DEPRECATED_OBJC_IMPLEMENTATIONS = YES;
				CLANG_WARN_DIRECT_OBJC_ISA_USAGE = YES_ERROR;
				CLANG_WARN_DOCUMENTATION_COMMENTS = YES;
				CLANG_WARN_EMPTY_BODY = YES;
				CLANG_WARN_ENUM_CONVERSION = YES;
				CLANG_WARN_INFINITE_RECURSION = YES;
				CLANG_WARN_INT_CONVERSION = YES;
				CLANG_WARN_NON_LITERAL_NULL_CONVERSION = YES;
				CLANG_WARN_OBJC_IMPLICIT_RETAIN_SELF = YES;
				CLANG_WARN_OBJC_LITERAL_CONVERSION = YES;
				CLANG_WARN_OBJC_ROOT_CLASS = YES_ERROR;
				CLANG_WARN_QUOTED_INCLUDE_IN_FRAMEWORK_HEADER = YES;
				CLANG_WARN_RANGE_LOOP_ANALYSIS = YES;
				CLANG_WARN_STRICT_PROTOTYPES = YES;
				CLANG_WARN_SUSPICIOUS_MOVE = YES;
				CLANG_WARN_UNGUARDED_AVAILABILITY = YES_AGGRESSIVE;
				CLANG_WARN_UNREACHABLE_CODE = YES;
				CLANG_WARN__DUPLICATE_METHOD_MATCH = YES;
				COPY_PHASE_STRIP = NO;
				DEBUG_INFORMATION_FORMAT = dwarf;
				ENABLE_STRICT_OBJC_MSGSEND = YES;
				ENABLE_TESTABILITY = YES;
				GCC_C_LANGUAGE_STANDARD = gnu11;
				GCC_DYNAMIC_NO_PIC = NO;
				GCC_NO_COMMON_BLOCKS = YES;
				GCC_OPTIMIZATION_LEVEL = 0;
				GCC_PREPROCESSOR_DEFINITIONS = (
					"DEBUG=1",
					"$(inherited)",
				);
				GCC_WARN_64_TO_32_BIT_CONVERSION = YES;
				GCC_WARN_ABOUT_RETURN_TYPE = YES_ERROR;
				GCC_WARN_UNDECLARED_SELECTOR = YES;
				GCC_WARN_UNINITIALIZED_AUTOS = YES_AGGRESSIVE;
				GCC_WARN_UNUSED_FUNCTION = YES;
				GCC_WARN_UNUSED_VARIABLE = YES;
				IPHONEOS_DEPLOYMENT_TARGET = 15.2;
				MTL_ENABLE_DEBUG_INFO = INCLUDE_SOURCE;
				MTL_FAST_MATH = YES;
				ONLY_ACTIVE_ARCH = YES;
				SDKROOT = iphoneos;
				SWIFT_ACTIVE_COMPILATION_CONDITIONS = DEBUG;
				SWIFT_OPTIMIZATION_LEVEL = "-Onone";
			};
			name = Debug;
		};
		BFB4672427D8FA77007797C6 /* Release */ = {
			isa = XCBuildConfiguration;
			buildSettings = {
				ALWAYS_SEARCH_USER_PATHS = NO;
				CLANG_ANALYZER_NONNULL = YES;
				CLANG_ANALYZER_NUMBER_OBJECT_CONVERSION = YES_AGGRESSIVE;
				CLANG_CXX_LANGUAGE_STANDARD = "gnu++17";
				CLANG_CXX_LIBRARY = "libc++";
				CLANG_ENABLE_MODULES = YES;
				CLANG_ENABLE_OBJC_ARC = YES;
				CLANG_ENABLE_OBJC_WEAK = YES;
				CLANG_WARN_BLOCK_CAPTURE_AUTORELEASING = YES;
				CLANG_WARN_BOOL_CONVERSION = YES;
				CLANG_WARN_COMMA = YES;
				CLANG_WARN_CONSTANT_CONVERSION = YES;
				CLANG_WARN_DEPRECATED_OBJC_IMPLEMENTATIONS = YES;
				CLANG_WARN_DIRECT_OBJC_ISA_USAGE = YES_ERROR;
				CLANG_WARN_DOCUMENTATION_COMMENTS = YES;
				CLANG_WARN_EMPTY_BODY = YES;
				CLANG_WARN_ENUM_CONVERSION = YES;
				CLANG_WARN_INFINITE_RECURSION = YES;
				CLANG_WARN_INT_CONVERSION = YES;
				CLANG_WARN_NON_LITERAL_NULL_CONVERSION = YES;
				CLANG_WARN_OBJC_IMPLICIT_RETAIN_SELF = YES;
				CLANG_WARN_OBJC_LITERAL_CONVERSION = YES;
				CLANG_WARN_OBJC_ROOT_CLASS = YES_ERROR;
				CLANG_WARN_QUOTED_INCLUDE_IN_FRAMEWORK_HEADER = YES;
				CLANG_WARN_RANGE_LOOP_ANALYSIS = YES;
				CLANG_WARN_STRICT_PROTOTYPES = YES;
				CLANG_WARN_SUSPICIOUS_MOVE = YES;
				CLANG_WARN_UNGUARDED_AVAILABILITY = YES_AGGRESSIVE;
				CLANG_WARN_UNREACHABLE_CODE = YES;
				CLANG_WARN__DUPLICATE_METHOD_MATCH = YES;
				COPY_PHASE_STRIP = NO;
				DEBUG_INFORMATION_FORMAT = "dwarf-with-dsym";
				ENABLE_NS_ASSERTIONS = NO;
				ENABLE_STRICT_OBJC_MSGSEND = YES;
				GCC_C_LANGUAGE_STANDARD = gnu11;
				GCC_NO_COMMON_BLOCKS = YES;
				GCC_WARN_64_TO_32_BIT_CONVERSION = YES;
				GCC_WARN_ABOUT_RETURN_TYPE = YES_ERROR;
				GCC_WARN_UNDECLARED_SELECTOR = YES;
				GCC_WARN_UNINITIALIZED_AUTOS = YES_AGGRESSIVE;
				GCC_WARN_UNUSED_FUNCTION = YES;
				GCC_WARN_UNUSED_VARIABLE = YES;
				IPHONEOS_DEPLOYMENT_TARGET = 15.2;
				MTL_ENABLE_DEBUG_INFO = NO;
				MTL_FAST_MATH = YES;
				SDKROOT = iphoneos;
				SWIFT_COMPILATION_MODE = wholemodule;
				SWIFT_OPTIMIZATION_LEVEL = "-O";
				VALIDATE_PRODUCT = YES;
			};
			name = Release;
		};
		BFB4672627D8FA77007797C6 /* Debug */ = {
			isa = XCBuildConfiguration;
			buildSettings = {
				ASSETCATALOG_COMPILER_APPICON_NAME = AppIcon;
				ASSETCATALOG_COMPILER_GLOBAL_ACCENT_COLOR_NAME = AccentColor;
				CODE_SIGN_STYLE = Automatic;
				CURRENT_PROJECT_VERSION = 1;
				DEVELOPMENT_TEAM = Q66AU767KB;
				GENERATE_INFOPLIST_FILE = YES;
				INFOPLIST_FILE = Carz/Info.plist;
				INFOPLIST_KEY_UIApplicationSupportsIndirectInputEvents = YES;
				INFOPLIST_KEY_UILaunchStoryboardName = LaunchScreen;
				INFOPLIST_KEY_UIMainStoryboardFile = Main;
				INFOPLIST_KEY_UISupportedInterfaceOrientations = UIInterfaceOrientationPortrait;
				INFOPLIST_KEY_UISupportedInterfaceOrientations_iPad = "UIInterfaceOrientationPortrait UIInterfaceOrientationPortraitUpsideDown UIInterfaceOrientationLandscapeLeft UIInterfaceOrientationLandscapeRight";
				INFOPLIST_KEY_UISupportedInterfaceOrientations_iPhone = "UIInterfaceOrientationPortrait UIInterfaceOrientationLandscapeLeft UIInterfaceOrientationLandscapeRight";
				LD_RUNPATH_SEARCH_PATHS = (
					"$(inherited)",
					"@executable_path/Frameworks",
				);
				MARKETING_VERSION = 1.0;
				PRODUCT_BUNDLE_IDENTIFIER = com.vinestro.Carz;
				PRODUCT_NAME = "$(TARGET_NAME)";
				SWIFT_EMIT_LOC_STRINGS = YES;
				SWIFT_VERSION = 5.0;
				TARGETED_DEVICE_FAMILY = 1;
			};
			name = Debug;
		};
		BFB4672727D8FA77007797C6 /* Release */ = {
			isa = XCBuildConfiguration;
			buildSettings = {
				ASSETCATALOG_COMPILER_APPICON_NAME = AppIcon;
				ASSETCATALOG_COMPILER_GLOBAL_ACCENT_COLOR_NAME = AccentColor;
				CODE_SIGN_STYLE = Automatic;
				CURRENT_PROJECT_VERSION = 1;
				DEVELOPMENT_TEAM = Q66AU767KB;
				GENERATE_INFOPLIST_FILE = YES;
				INFOPLIST_FILE = Carz/Info.plist;
				INFOPLIST_KEY_UIApplicationSupportsIndirectInputEvents = YES;
				INFOPLIST_KEY_UILaunchStoryboardName = LaunchScreen;
				INFOPLIST_KEY_UIMainStoryboardFile = Main;
				INFOPLIST_KEY_UISupportedInterfaceOrientations = UIInterfaceOrientationPortrait;
				INFOPLIST_KEY_UISupportedInterfaceOrientations_iPad = "UIInterfaceOrientationPortrait UIInterfaceOrientationPortraitUpsideDown UIInterfaceOrientationLandscapeLeft UIInterfaceOrientationLandscapeRight";
				INFOPLIST_KEY_UISupportedInterfaceOrientations_iPhone = "UIInterfaceOrientationPortrait UIInterfaceOrientationLandscapeLeft UIInterfaceOrientationLandscapeRight";
				LD_RUNPATH_SEARCH_PATHS = (
					"$(inherited)",
					"@executable_path/Frameworks",
				);
				MARKETING_VERSION = 1.0;
				PRODUCT_BUNDLE_IDENTIFIER = com.vinestro.Carz;
				PRODUCT_NAME = "$(TARGET_NAME)";
				SWIFT_EMIT_LOC_STRINGS = YES;
				SWIFT_VERSION = 5.0;
				TARGETED_DEVICE_FAMILY = 1;
			};
			name = Release;
		};
/* End XCBuildConfiguration section */

/* Begin XCConfigurationList section */
		BFB4670C27D8FA76007797C6 /* Build configuration list for PBXProject "Carz" */ = {
			isa = XCConfigurationList;
			buildConfigurations = (
				BFB4672327D8FA77007797C6 /* Debug */,
				BFB4672427D8FA77007797C6 /* Release */,
			);
			defaultConfigurationIsVisible = 0;
			defaultConfigurationName = Release;
		};
		BFB4672527D8FA77007797C6 /* Build configuration list for PBXNativeTarget "Carz" */ = {
			isa = XCConfigurationList;
			buildConfigurations = (
				BFB4672627D8FA77007797C6 /* Debug */,
				BFB4672727D8FA77007797C6 /* Release */,
			);
			defaultConfigurationIsVisible = 0;
			defaultConfigurationName = Release;
		};
/* End XCConfigurationList section */
	};
	rootObject = BFB4670927D8FA76007797C6 /* Project object */;
}
